
Microsoft Visual Studio Solution File, Format Version 12.00
# Visual Studio Express 2012 for Web
Project("{FAE04EC0-301F-11D3-BF4B-00C04F79EFBC}") = "bigDbTest", "bigDbTest.csproj", "{E9B0ED4E-0365-4491-BC66-BA1CD3209DB6}"
EndProject
Global
	GlobalSection(SolutionConfigurationPlatforms) = preSolution
		Debug|Any CPU = Debug|Any CPU
		Release|Any CPU = Release|Any CPU
	EndGlobalSection
	GlobalSection(ProjectConfigurationPlatforms) = postSolution
		{E9B0ED4E-0365-4491-BC66-BA1CD3209DB6}.Debug|Any CPU.ActiveCfg = Debug|Any CPU
		{E9B0ED4E-0365-4491-BC66-BA1CD3209DB6}.Debug|Any CPU.Build.0 = Debug|Any CPU
		{E9B0ED4E-0365-4491-BC66-BA1CD3209DB6}.Release|Any CPU.ActiveCfg = Release|Any CPU
		{E9B0ED4E-0365-4491-BC66-BA1CD3209DB6}.Release|Any CPU.Build.0 = Release|Any CPU
	EndGlobalSection
	GlobalSection(SolutionProperties) = preSolution
		HideSolutionNode = FALSE
	EndGlobalSection
EndGlobal
